
Microsoft Visual Studio Solution File, Format Version 12.00
# Visual Studio 15
VisualStudioVersion = 15.0.28307.421
MinimumVisualStudioVersion = 10.0.40219.1
Project("{FAE04EC0-301F-11D3-BF4B-00C04F79EFBC}") = "Exercise 8C - Roulette", "Exercise 8C - Roulette\Exercise 8C - Roulette.csproj", "{5CF6F23F-11D3-44F4-83A1-B15FD5275331}"
EndProject
Global
	GlobalSection(SolutionConfigurationPlatforms) = preSolution
		Debug|Any CPU = Debug|Any CPU
		Release|Any CPU = Release|Any CPU
	EndGlobalSection
	GlobalSection(ProjectConfigurationPlatforms) = postSolution
		{5CF6F23F-11D3-44F4-83A1-B15FD5275331}.Debug|Any CPU.ActiveCfg = Debug|Any CPU
		{5CF6F23F-11D3-44F4-83A1-B15FD5275331}.Debug|Any CPU.Build.0 = Debug|Any CPU
		{5CF6F23F-11D3-44F4-83A1-B15FD5275331}.Release|Any CPU.ActiveCfg = Release|Any CPU
		{5CF6F23F-11D3-44F4-83A1-B15FD5275331}.Release|Any CPU.Build.0 = Release|Any CPU
	EndGlobalSection
	GlobalSection(SolutionProperties) = preSolution
		HideSolutionNode = FALSE
	EndGlobalSection
	GlobalSection(ExtensibilityGlobals) = postSolution
		SolutionGuid = {80AE0705-0392-4799-ABC4-935694F83BD5}
	EndGlobalSection
EndGlobal
